// !$*UTF8*$!
{
	archiveVersion = 1;
	classes = {
	};
	objectVersion = 46;
	objects = {

/* Begin PBXBuildFile section */
		C853A78A1E4CBCCE00518166 /* AppDelegate.swift in Sources */ = {isa = PBXBuildFile; fileRef = C853A7891E4CBCCE00518166 /* AppDelegate.swift */; };
		C853A78C1E4CBCCE00518166 /* RecordSoundsViewController.swift in Sources */ = {isa = PBXBuildFile; fileRef = C853A78B1E4CBCCE00518166 /* RecordSoundsViewController.swift */; };
		C853A78F1E4CBCCE00518166 /* Main.storyboard in Resources */ = {isa = PBXBuildFile; fileRef = C853A78D1E4CBCCE00518166 /* Main.storyboard */; settings = {ASSET_TAGS = (slow, ); }; };
		C853A7921E4CBCCE00518166 /* PitchPerfect.xcdatamodeld in Sources */ = {isa = PBXBuildFile; fileRef = C853A7901E4CBCCE00518166 /* PitchPerfect.xcdatamodeld */; };
		C853A7941E4CBCCE00518166 /* Assets.xcassets in Resources */ = {isa = PBXBuildFile; fileRef = C853A7931E4CBCCE00518166 /* Assets.xcassets */; };
		C853A7971E4CBCCE00518166 /* LaunchScreen.storyboard in Resources */ = {isa = PBXBuildFile; fileRef = C853A7951E4CBCCE00518166 /* LaunchScreen.storyboard */; };
		C89995DE1E521438009E9971 /* PlaySoundsViewController.swift in Sources */ = {isa = PBXBuildFile; fileRef = C89995DD1E521438009E9971 /* PlaySoundsViewController.swift */; };
		C89995E01E534C64009E9971 /* PlaySoundsViewController+Audio.swift in Sources */ = {isa = PBXBuildFile; fileRef = C89995DF1E534C64009E9971 /* PlaySoundsViewController+Audio.swift */; };
/* End PBXBuildFile section */

/* Begin PBXFileReference section */
		C853A7861E4CBCCE00518166 /* PitchPerfect.app */ = {isa = PBXFileReference; explicitFileType = wrapper.application; includeInIndex = 0; path = PitchPerfect.app; sourceTree = BUILT_PRODUCTS_DIR; };
		C853A7891E4CBCCE00518166 /* AppDelegate.swift */ = {isa = PBXFileReference; lastKnownFileType = sourcecode.swift; path = AppDelegate.swift; sourceTree = "<group>"; };
		C853A78B1E4CBCCE00518166 /* RecordSoundsViewController.swift */ = {isa = PBXFileReference; lastKnownFileType = sourcecode.swift; path = RecordSoundsViewController.swift; sourceTree = "<group>"; };
		C853A78E1E4CBCCE00518166 /* Base */ = {isa = PBXFileReference; lastKnownFileType = file.storyboard; name = Base; path = Base.lproj/Main.storyboard; sourceTree = "<group>"; };
		C853A7911E4CBCCE00518166 /* PitchPerfect.xcdatamodel */ = {isa = PBXFileReference; lastKnownFileType = wrapper.xcdatamodel; path = PitchPerfect.xcdatamodel; sourceTree = "<group>"; };
		C853A7931E4CBCCE00518166 /* Assets.xcassets */ = {isa = PBXFileReference; lastKnownFileType = folder.assetcatalog; path = Assets.xcassets; sourceTree = "<group>"; };
		C853A7961E4CBCCE00518166 /* Base */ = {isa = PBXFileReference; lastKnownFileType = file.storyboard; name = Base; path = Base.lproj/LaunchScreen.storyboard; sourceTree = "<group>"; };
		C853A7981E4CBCCE00518166 /* Info.plist */ = {isa = PBXFileReference; lastKnownFileType = text.plist.xml; path = Info.plist; sourceTree = "<group>"; };
		C89995DD1E521438009E9971 /* PlaySoundsViewController.swift */ = {isa = PBXFileReference; fileEncoding = 4; lastKnownFileType = sourcecode.swift; path = PlaySoundsViewController.swift; sourceTree = "<group>"; };
		C89995DF1E534C64009E9971 /* PlaySoundsViewController+Audio.swift */ = {isa = PBXFileReference; fileEncoding = 4; lastKnownFileType = sourcecode.swift; path = "PlaySoundsViewController+Audio.swift"; sourceTree = "<group>"; };
/* End PBXFileReference section */

/* Begin PBXFrameworksBuildPhase section */
		C853A7831E4CBCCE00518166 /* Frameworks */ = {
			isa = PBXFrameworksBuildPhase;
			buildActionMask = 2147483647;
			files = (
			);
			runOnlyForDeploymentPostprocessing = 0;
		};
/* End PBXFrameworksBuildPhase section */

/* Begin PBXGroup section */
		C853A77D1E4CBCCE00518166 = {
			isa = PBXGroup;
			children = (
				C853A7881E4CBCCE00518166 /* PitchPerfect */,
				C853A7871E4CBCCE00518166 /* Products */,
			);
			sourceTree = "<group>";
		};
		C853A7871E4CBCCE00518166 /* Products */ = {
			isa = PBXGroup;
			children = (
				C853A7861E4CBCCE00518166 /* PitchPerfect.app */,
			);
			name = Products;
			sourceTree = "<group>";
		};
		C853A7881E4CBCCE00518166 /* PitchPerfect */ = {
			isa = PBXGroup;
			children = (
				C853A7891E4CBCCE00518166 /* AppDelegate.swift */,
				C853A78B1E4CBCCE00518166 /* RecordSoundsViewController.swift */,
				C89995DD1E521438009E9971 /* PlaySoundsViewController.swift */,
				C89995DF1E534C64009E9971 /* PlaySoundsViewController+Audio.swift */,
				C853A78D1E4CBCCE00518166 /* Main.storyboard */,
				C853A7931E4CBCCE00518166 /* Assets.xcassets */,
				C853A7951E4CBCCE00518166 /* LaunchScreen.storyboard */,
				C853A7981E4CBCCE00518166 /* Info.plist */,
				C853A7901E4CBCCE00518166 /* PitchPerfect.xcdatamodeld */,
			);
			path = PitchPerfect;
			sourceTree = "<group>";
		};
/* End PBXGroup section */

/* Begin PBXNativeTarget section */
		C853A7851E4CBCCE00518166 /* PitchPerfect */ = {
			isa = PBXNativeTarget;
			buildConfigurationList = C853A79B1E4CBCCE00518166 /* Build configuration list for PBXNativeTarget "PitchPerfect" */;
			buildPhases = (
				C853A7821E4CBCCE00518166 /* Sources */,
				C853A7831E4CBCCE00518166 /* Frameworks */,
				C853A7841E4CBCCE00518166 /* Resources */,
			);
			buildRules = (
			);
			dependencies = (
			);
			name = PitchPerfect;
			productName = PitchPerfect;
			productReference = C853A7861E4CBCCE00518166 /* PitchPerfect.app */;
			productType = "com.apple.product-type.application";
		};
/* End PBXNativeTarget section */

/* Begin PBXProject section */
		C853A77E1E4CBCCE00518166 /* Project object */ = {
			isa = PBXProject;
			attributes = {
				KnownAssetTags = (
					slow,
				);
				LastSwiftUpdateCheck = 0820;
				LastUpgradeCheck = 0820;
				ORGANIZATIONNAME = purpon;
				TargetAttributes = {
					C853A7851E4CBCCE00518166 = {
						CreatedOnToolsVersion = 8.2.1;
						ProvisioningStyle = Automatic;
					};
				};
			};
			buildConfigurationList = C853A7811E4CBCCE00518166 /* Build configuration list for PBXProject "PitchPerfect" */;
			compatibilityVersion = "Xcode 3.2";
			developmentRegion = English;
			hasScannedForEncodings = 0;
			knownRegions = (
				en,
				Base,
			);
			mainGroup = C853A77D1E4CBCCE00518166;
			productRefGroup = C853A7871E4CBCCE00518166 /* Products */;
			projectDirPath = "";
			projectRoot = "";
			targets = (
				C853A7851E4CBCCE00518166 /* PitchPerfect */,
			);
		};
/* End PBXProject section */

/* Begin PBXResourcesBuildPhase section */
		C853A7841E4CBCCE00518166 /* Resources */ = {
			isa = PBXResourcesBuildPhase;
			buildActionMask = 2147483647;
			files = (
				C853A7971E4CBCCE00518166 /* LaunchScreen.storyboard in Resources */,
				C853A7941E4CBCCE00518166 /* Assets.xcassets in Resources */,
				C853A78F1E4CBCCE00518166 /* Main.storyboard in Resources */,
			);
			runOnlyForDeploymentPostprocessing = 0;
		};
/* End PBXResourcesBuildPhase section */

/* Begin PBXSourcesBuildPhase section */
		C853A7821E4CBCCE00518166 /* Sources */ = {
			isa = PBXSourcesBuildPhase;
			buildActionMask = 2147483647;
			files = (
				C89995E01E534C64009E9971 /* PlaySoundsViewController+Audio.swift in Sources */,
				C853A78C1E4CBCCE00518166 /* RecordSoundsViewController.swift in Sources */,
				C853A7921E4CBCCE00518166 /* PitchPerfect.xcdatamodeld in Sources */,
				C89995DE1E521438009E9971 /* PlaySoundsViewController.swift in Sources */,
				C853A78A1E4CBCCE00518166 /* AppDelegate.swift in Sources */,
			);
			runOnlyForDeploymentPostprocessing = 0;
		};
/* End PBXSourcesBuildPhase section */

/* Begin PBXVariantGroup section */
		C853A78D1E4CBCCE00518166 /* Main.storyboard */ = {
			isa = PBXVariantGroup;
			children = (
				C853A78E1E4CBCCE00518166 /* Base */,
			);
			name = Main.storyboard;
			sourceTree = "<group>";
		};
		C853A7951E4CBCCE00518166 /* LaunchScreen.storyboard */ = {
			isa = PBXVariantGroup;
			children = (
				C853A7961E4CBCCE00518166 /* Base */,
			);
			name = LaunchScreen.storyboard;
			sourceTree = "<group>";
		};
/* End PBXVariantGroup section */

/* Begin XCBuildConfiguration section */
		C853A7991E4CBCCE00518166 /* Debug */ = {
			isa = XCBuildConfiguration;
			buildSettings = {
				ALWAYS_SEARCH_USER_PATHS = NO;
				CLANG_ANALYZER_NONNULL = YES;
				CLANG_CXX_LANGUAGE_STANDARD = "gnu++0x";
				CLANG_CXX_LIBRARY = "libc++";
				CLANG_ENABLE_MODULES = YES;
				CLANG_ENABLE_OBJC_ARC = YES;
				CLANG_WARN_BOOL_CONVERSION = YES;
				CLANG_WARN_CONSTANT_CONVERSION = YES;
				CLANG_WARN_DIRECT_OBJC_ISA_USAGE = YES_ERROR;
				CLANG_WARN_DOCUMENTATION_COMMENTS = YES;
				CLANG_WARN_EMPTY_BODY = YES;
				CLANG_WARN_ENUM_CONVERSION = YES;
				CLANG_WARN_INFINITE_RECURSION = YES;
				CLANG_WARN_INT_CONVERSION = YES;
				CLANG_WARN_OBJC_ROOT_CLASS = YES_ERROR;
				CLANG_WARN_SUSPICIOUS_MOVE = YES;
				CLANG_WARN_UNREACHABLE_CODE = YES;
				CLANG_WARN__DUPLICATE_METHOD_MATCH = YES;
				"CODE_SIGN_IDENTITY[sdk=iphoneos*]" = "iPhone Developer";
				COPY_PHASE_STRIP = NO;
				DEBUG_INFORMATION_FORMAT = dwarf;
				ENABLE_STRICT_OBJC_MSGSEND = YES;
				ENABLE_TESTABILITY = YES;
				GCC_C_LANGUAGE_STANDARD = gnu99;
				GCC_DYNAMIC_NO_PIC = NO;
				GCC_NO_COMMON_BLOCKS = YES;
				GCC_OPTIMIZATION_LEVEL = 0;
				GCC_PREPROCESSOR_DEFINITIONS = (
					"DEBUG=1",
					"$(inherited)",
				);
				GCC_WARN_64_TO_32_BIT_CONVERSION = YES;
				GCC_WARN_ABOUT_RETURN_TYPE = YES_ERROR;
				GCC_WARN_UNDECLARED_SELECTOR = YES;
				GCC_WARN_UNINITIALIZED_AUTOS = YES_AGGRESSIVE;
				GCC_WARN_UNUSED_FUNCTION = YES;
				GCC_WARN_UNUSED_VARIABLE = YES;
				IPHONEOS_DEPLOYMENT_TARGET = 10.2;
				MTL_ENABLE_DEBUG_INFO = YES;
				ONLY_ACTIVE_ARCH = YES;
				SDKROOT = iphoneos;
				SWIFT_ACTIVE_COMPILATION_CONDITIONS = DEBUG;
				SWIFT_OPTIMIZATION_LEVEL = "-Onone";
			};
			name = Debug;
		};
		C853A79A1E4CBCCE00518166 /* Release */ = {
			isa = XCBuildConfiguration;
			buildSettings = {
				ALWAYS_SEARCH_USER_PATHS = NO;
				CLANG_ANALYZER_NONNULL = YES;
				CLANG_CXX_LANGUAGE_STANDARD = "gnu++0x";
				CLANG_CXX_LIBRARY = "libc++";
				CLANG_ENABLE_MODULES = YES;
				CLANG_ENABLE_OBJC_ARC = YES;
				CLANG_WARN_BOOL_CONVERSION = YES;
				CLANG_WARN_CONSTANT_CONVERSION = YES;
				CLANG_WARN_DIRECT_OBJC_ISA_USAGE = YES_ERROR;
				CLANG_WARN_DOCUMENTATION_COMMENTS = YES;
				CLANG_WARN_EMPTY_BODY = YES;
				CLANG_WARN_ENUM_CONVERSION = YES;
				CLANG_WARN_INFINITE_RECURSION = YES;
				CLANG_WARN_INT_CONVERSION = YES;
				CLANG_WARN_OBJC_ROOT_CLASS = YES_ERROR;
				CLANG_WARN_SUSPICIOUS_MOVE = YES;
				CLANG_WARN_UNREACHABLE_CODE = YES;
				CLANG_WARN__DUPLICATE_METHOD_MATCH = YES;
				"CODE_SIGN_IDENTITY[sdk=iphoneos*]" = "iPhone Developer";
				COPY_PHASE_STRIP = NO;
				DEBUG_INFORMATION_FORMAT = "dwarf-with-dsym";
				ENABLE_NS_ASSERTIONS = NO;
				ENABLE_STRICT_OBJC_MSGSEND = YES;
				GCC_C_LANGUAGE_STANDARD = gnu99;
				GCC_NO_COMMON_BLOCKS = YES;
				GCC_WARN_64_TO_32_BIT_CONVERSION = YES;
				GCC_WARN_ABOUT_RETURN_TYPE = YES_ERROR;
				GCC_WARN_UNDECLARED_SELECTOR = YES;
				GCC_WARN_UNINITIALIZED_AUTOS = YES_AGGRESSIVE;
				GCC_WARN_UNUSED_FUNCTION = YES;
				GCC_WARN_UNUSED_VARIABLE = YES;
				IPHONEOS_DEPLOYMENT_TARGET = 10.2;
				MTL_ENABLE_DEBUG_INFO = NO;
				SDKROOT = iphoneos;
				SWIFT_OPTIMIZATION_LEVEL = "-Owholemodule";
				VALIDATE_PRODUCT = YES;
			};
			name = Release;
		};
		C853A79C1E4CBCCE00518166 /* Debug */ = {
			isa = XCBuildConfiguration;
			buildSettings = {
				ASSETCATALOG_COMPILER_APPICON_NAME = AppIcon;
				INFOPLIST_FILE = PitchPerfect/Info.plist;
				LD_RUNPATH_SEARCH_PATHS = "$(inherited) @executable_path/Frameworks";
				PRODUCT_BUNDLE_IDENTIFIER = com.purpon.PitchPerfect;
				PRODUCT_NAME = "$(TARGET_NAME)";
				SWIFT_VERSION = 3.0;
				TARGETED_DEVICE_FAMILY = "1,2";
			};
			name = Debug;
		};
		C853A79D1E4CBCCE00518166 /* Release */ = {
			isa = XCBuildConfiguration;
			buildSettings = {
				ASSETCATALOG_COMPILER_APPICON_NAME = AppIcon;
				INFOPLIST_FILE = PitchPerfect/Info.plist;
				LD_RUNPATH_SEARCH_PATHS = "$(inherited) @executable_path/Frameworks";
				PRODUCT_BUNDLE_IDENTIFIER = com.purpon.PitchPerfect;
				PRODUCT_NAME = "$(TARGET_NAME)";
				SWIFT_VERSION = 3.0;
				TARGETED_DEVICE_FAMILY = "1,2";
			};
			name = Release;
		};
/* End XCBuildConfiguration section */

/* Begin XCConfigurationList section */
		C853A7811E4CBCCE00518166 /* Build configuration list for PBXProject "PitchPerfect" */ = {
			isa = XCConfigurationList;
			buildConfigurations = (
				C853A7991E4CBCCE00518166 /* Debug */,
				C853A79A1E4CBCCE00518166 /* Release */,
			);
			defaultConfigurationIsVisible = 0;
			defaultConfigurationName = Release;
		};
		C853A79B1E4CBCCE00518166 /* Build configuration list for PBXNativeTarget "PitchPerfect" */ = {
			isa = XCConfigurationList;
			buildConfigurations = (
				C853A79C1E4CBCCE00518166 /* Debug */,
				C853A79D1E4CBCCE00518166 /* Release */,
			);
			defaultConfigurationIsVisible = 0;
			defaultConfigurationName = Release;
		};
/* End XCConfigurationList section */

/* Begin XCVersionGroup section */
		C853A7901E4CBCCE00518166 /* PitchPerfect.xcdatamodeld */ = {
			isa = XCVersionGroup;
			children = (
				C853A7911E4CBCCE00518166 /* PitchPerfect.xcdatamodel */,
			);
			currentVersion = C853A7911E4CBCCE00518166 /* PitchPerfect.xcdatamodel */;
			path = PitchPerfect.xcdatamodeld;
			sourceTree = "<group>";
			versionGroupType = wrapper.xcdatamodel;
		};
/* End XCVersionGroup section */
	};
	rootObject = C853A77E1E4CBCCE00518166 /* Project object */;
}
